
Microsoft Visual Studio Solution File, Format Version 12.00
# Visual Studio Version 17
VisualStudioVersion = 17.1.32210.238
MinimumVisualStudioVersion = 10.0.40219.1
Project("{2150E333-8FDC-42A3-9474-1A3956D46DE8}") = "Domain", "Domain", "{8C274EEC-FFF6-4A82-9114-F8C3493D7D10}"
EndProject
Project("{9A19103F-16F7-4668-BE54-9A1E7A4F7556}") = "MicroRabbit.Domain.Core", "MicroRabbit.Domain.Core\MicroRabbit.Domain.Core.csproj", "{D2F62F17-FFBB-4246-8682-47AF781F18F5}"
EndProject
Project("{2150E333-8FDC-42A3-9474-1A3956D46DE8}") = "Infra.Bus", "Infra.Bus", "{6396F27C-54F8-45F2-A296-F7917DF288DE}"
EndProject
Project("{2150E333-8FDC-42A3-9474-1A3956D46DE8}") = "Infra.IoC", "Infra.IoC", "{3AE55397-8A23-40E5-B22F-43FC6FB47AB7}"
EndProject
Project("{2150E333-8FDC-42A3-9474-1A3956D46DE8}") = "Microservices", "Microservices", "{2820D2CB-CFCC-4E60-8B8C-68F686725807}"
EndProject
Project("{2150E333-8FDC-42A3-9474-1A3956D46DE8}") = "Presentation", "Presentation", "{E1D08EB4-8455-410D-9FCF-3B400A0B3702}"
EndProject
Project("{9A19103F-16F7-4668-BE54-9A1E7A4F7556}") = "MicroRabbit.Infra.Bus", "MicroRabbit.Infra.Bus\MicroRabbit.Infra.Bus.csproj", "{77350D78-4E3C-4947-88D3-D1E1111CFBEE}"
EndProject
Project("{9A19103F-16F7-4668-BE54-9A1E7A4F7556}") = "MicroRabbit.Infra.IoC", "MicroRabbit.Infra.IoC\MicroRabbit.Infra.IoC.csproj", "{33A571D0-6DA1-44BE-8A79-1C5CCEE36A1A}"
EndProject
Project("{2150E333-8FDC-42A3-9474-1A3956D46DE8}") = "Banking", "Banking", "{74A83D3A-CF95-4E25-AAA6-2CEA92643EAC}"
EndProject
Project("{2150E333-8FDC-42A3-9474-1A3956D46DE8}") = "Domain", "Domain", "{1AFBFEE7-5D8F-4D7A-A4AE-F5A69145C3D2}"
EndProject
Project("{2150E333-8FDC-42A3-9474-1A3956D46DE8}") = "Application", "Application", "{AC2E1488-C0A8-4255-A0D2-0DA1689D0EB8}"
EndProject
Project("{2150E333-8FDC-42A3-9474-1A3956D46DE8}") = "Data", "Data", "{868CAF5A-39A0-4937-B830-A8FBF081882B}"
EndProject
Project("{9A19103F-16F7-4668-BE54-9A1E7A4F7556}") = "MicroRabbit.Banking.Application", "MicroRabbit.Banking.Application\MicroRabbit.Banking.Application.csproj", "{C75E0E30-E362-48EB-A653-67DFF6966EBF}"
EndProject
Project("{9A19103F-16F7-4668-BE54-9A1E7A4F7556}") = "MicroRabbit.Banking.Data", "MicroRabbit.Banking.Data\MicroRabbit.Banking.Data.csproj", "{BD41EE39-8D73-43F3-BC58-16459DA15C62}"
EndProject
Project("{9A19103F-16F7-4668-BE54-9A1E7A4F7556}") = "MicroRabbit.Banking.Domain", "MicroRabbit.Banking.Domain\MicroRabbit.Banking.Domain.csproj", "{408AA45C-7EE0-4E3B-BCFE-C89BE273819C}"
EndProject
Project("{2150E333-8FDC-42A3-9474-1A3956D46DE8}") = "Api", "Api", "{F02F64F3-8C32-4424-A97D-34DE34A60859}"
EndProject
Project("{FAE04EC0-301F-11D3-BF4B-00C04F79EFBC}") = "MicroRabbit.Banking.Api", "MicroRabbit.Banking.Api\MicroRabbit.Banking.Api.csproj", "{9FA01C6D-502C-4D72-83B8-8D0D44887E23}"
EndProject
Global
	GlobalSection(SolutionConfigurationPlatforms) = preSolution
		Debug|Any CPU = Debug|Any CPU
		Release|Any CPU = Release|Any CPU
	EndGlobalSection
	GlobalSection(ProjectConfigurationPlatforms) = postSolution
		{D2F62F17-FFBB-4246-8682-47AF781F18F5}.Debug|Any CPU.ActiveCfg = Debug|Any CPU
		{D2F62F17-FFBB-4246-8682-47AF781F18F5}.Debug|Any CPU.Build.0 = Debug|Any CPU
		{D2F62F17-FFBB-4246-8682-47AF781F18F5}.Release|Any CPU.ActiveCfg = Release|Any CPU
		{D2F62F17-FFBB-4246-8682-47AF781F18F5}.Release|Any CPU.Build.0 = Release|Any CPU
		{77350D78-4E3C-4947-88D3-D1E1111CFBEE}.Debug|Any CPU.ActiveCfg = Debug|Any CPU
		{77350D78-4E3C-4947-88D3-D1E1111CFBEE}.Debug|Any CPU.Build.0 = Debug|Any CPU
		{77350D78-4E3C-4947-88D3-D1E1111CFBEE}.Release|Any CPU.ActiveCfg = Release|Any CPU
		{77350D78-4E3C-4947-88D3-D1E1111CFBEE}.Release|Any CPU.Build.0 = Release|Any CPU
		{33A571D0-6DA1-44BE-8A79-1C5CCEE36A1A}.Debug|Any CPU.ActiveCfg = Debug|Any CPU
		{33A571D0-6DA1-44BE-8A79-1C5CCEE36A1A}.Debug|Any CPU.Build.0 = Debug|Any CPU
		{33A571D0-6DA1-44BE-8A79-1C5CCEE36A1A}.Release|Any CPU.ActiveCfg = Release|Any CPU
		{33A571D0-6DA1-44BE-8A79-1C5CCEE36A1A}.Release|Any CPU.Build.0 = Release|Any CPU
		{C75E0E30-E362-48EB-A653-67DFF6966EBF}.Debug|Any CPU.ActiveCfg = Debug|Any CPU
		{C75E0E30-E362-48EB-A653-67DFF6966EBF}.Debug|Any CPU.Build.0 = Debug|Any CPU
		{C75E0E30-E362-48EB-A653-67DFF6966EBF}.Release|Any CPU.ActiveCfg = Release|Any CPU
		{C75E0E30-E362-48EB-A653-67DFF6966EBF}.Release|Any CPU.Build.0 = Release|Any CPU
		{BD41EE39-8D73-43F3-BC58-16459DA15C62}.Debug|Any CPU.ActiveCfg = Debug|Any CPU
		{BD41EE39-8D73-43F3-BC58-16459DA15C62}.Debug|Any CPU.Build.0 = Debug|Any CPU
		{BD41EE39-8D73-43F3-BC58-16459DA15C62}.Release|Any CPU.ActiveCfg = Release|Any CPU
		{BD41EE39-8D73-43F3-BC58-16459DA15C62}.Release|Any CPU.Build.0 = Release|Any CPU
		{408AA45C-7EE0-4E3B-BCFE-C89BE273819C}.Debug|Any CPU.ActiveCfg = Debug|Any CPU
		{408AA45C-7EE0-4E3B-BCFE-C89BE273819C}.Debug|Any CPU.Build.0 = Debug|Any CPU
		{408AA45C-7EE0-4E3B-BCFE-C89BE273819C}.Release|Any CPU.ActiveCfg = Release|Any CPU
		{408AA45C-7EE0-4E3B-BCFE-C89BE273819C}.Release|Any CPU.Build.0 = Release|Any CPU
		{9FA01C6D-502C-4D72-83B8-8D0D44887E23}.Debug|Any CPU.ActiveCfg = Debug|Any CPU
		{9FA01C6D-502C-4D72-83B8-8D0D44887E23}.Debug|Any CPU.Build.0 = Debug|Any CPU
		{9FA01C6D-502C-4D72-83B8-8D0D44887E23}.Release|Any CPU.ActiveCfg = Release|Any CPU
		{9FA01C6D-502C-4D72-83B8-8D0D44887E23}.Release|Any CPU.Build.0 = Release|Any CPU
	EndGlobalSection
	GlobalSection(SolutionProperties) = preSolution
		HideSolutionNode = FALSE
	EndGlobalSection
	GlobalSection(NestedProjects) = preSolution
		{D2F62F17-FFBB-4246-8682-47AF781F18F5} = {8C274EEC-FFF6-4A82-9114-F8C3493D7D10}
		{77350D78-4E3C-4947-88D3-D1E1111CFBEE} = {6396F27C-54F8-45F2-A296-F7917DF288DE}
		{33A571D0-6DA1-44BE-8A79-1C5CCEE36A1A} = {3AE55397-8A23-40E5-B22F-43FC6FB47AB7}
		{74A83D3A-CF95-4E25-AAA6-2CEA92643EAC} = {2820D2CB-CFCC-4E60-8B8C-68F686725807}
		{1AFBFEE7-5D8F-4D7A-A4AE-F5A69145C3D2} = {74A83D3A-CF95-4E25-AAA6-2CEA92643EAC}
		{AC2E1488-C0A8-4255-A0D2-0DA1689D0EB8} = {74A83D3A-CF95-4E25-AAA6-2CEA92643EAC}
		{868CAF5A-39A0-4937-B830-A8FBF081882B} = {74A83D3A-CF95-4E25-AAA6-2CEA92643EAC}
		{C75E0E30-E362-48EB-A653-67DFF6966EBF} = {AC2E1488-C0A8-4255-A0D2-0DA1689D0EB8}
		{BD41EE39-8D73-43F3-BC58-16459DA15C62} = {868CAF5A-39A0-4937-B830-A8FBF081882B}
		{408AA45C-7EE0-4E3B-BCFE-C89BE273819C} = {1AFBFEE7-5D8F-4D7A-A4AE-F5A69145C3D2}
		{F02F64F3-8C32-4424-A97D-34DE34A60859} = {74A83D3A-CF95-4E25-AAA6-2CEA92643EAC}
		{9FA01C6D-502C-4D72-83B8-8D0D44887E23} = {F02F64F3-8C32-4424-A97D-34DE34A60859}
	EndGlobalSection
	GlobalSection(ExtensibilityGlobals) = postSolution
		SolutionGuid = {AB11C35A-7CB9-4271-A183-7EF840FCA8B8}
	EndGlobalSection
EndGlobal
